// !$*UTF8*$!
{
	archiveVersion = 1;
	classes = {
	};
	objectVersion = 50;
	objects = {

/* Begin PBXBuildFile section */
		CA4C8B8D26BBA1E300FA8950 /* AppDelegate.swift in Sources */ = {isa = PBXBuildFile; fileRef = CA4C8B8C26BBA1E300FA8950 /* AppDelegate.swift */; };
		CA4C8B8F26BBA1E300FA8950 /* SceneDelegate.swift in Sources */ = {isa = PBXBuildFile; fileRef = CA4C8B8E26BBA1E300FA8950 /* SceneDelegate.swift */; };
		CA4C8B9126BBA1E300FA8950 /* ViewController.swift in Sources */ = {isa = PBXBuildFile; fileRef = CA4C8B9026BBA1E300FA8950 /* ViewController.swift */; };
		CA4C8B9426BBA1E300FA8950 /* Main.storyboard in Resources */ = {isa = PBXBuildFile; fileRef = CA4C8B9226BBA1E300FA8950 /* Main.storyboard */; };
		CA4C8B9726BBA1E300FA8950 /* LeanSample.xcdatamodeld in Sources */ = {isa = PBXBuildFile; fileRef = CA4C8B9526BBA1E300FA8950 /* LeanSample.xcdatamodeld */; };
		CA4C8B9926BBA1EC00FA8950 /* Assets.xcassets in Resources */ = {isa = PBXBuildFile; fileRef = CA4C8B9826BBA1EC00FA8950 /* Assets.xcassets */; };
		CA4C8B9C26BBA1EC00FA8950 /* LaunchScreen.storyboard in Resources */ = {isa = PBXBuildFile; fileRef = CA4C8B9A26BBA1EC00FA8950 /* LaunchScreen.storyboard */; };
		CA4C8BA726BBA1ED00FA8950 /* LeanSampleTests.swift in Sources */ = {isa = PBXBuildFile; fileRef = CA4C8BA626BBA1ED00FA8950 /* LeanSampleTests.swift */; };
		CA4C8BB226BBA1ED00FA8950 /* LeanSampleUITests.swift in Sources */ = {isa = PBXBuildFile; fileRef = CA4C8BB126BBA1ED00FA8950 /* LeanSampleUITests.swift */; };
/* End PBXBuildFile section */

/* Begin PBXContainerItemProxy section */
		CA4C8BA326BBA1ED00FA8950 /* PBXContainerItemProxy */ = {
			isa = PBXContainerItemProxy;
			containerPortal = CA4C8B8126BBA1E200FA8950 /* Project object */;
			proxyType = 1;
			remoteGlobalIDString = CA4C8B8826BBA1E300FA8950;
			remoteInfo = LeanSample;
		};
		CA4C8BAE26BBA1ED00FA8950 /* PBXContainerItemProxy */ = {
			isa = PBXContainerItemProxy;
			containerPortal = CA4C8B8126BBA1E200FA8950 /* Project object */;
			proxyType = 1;
			remoteGlobalIDString = CA4C8B8826BBA1E300FA8950;
			remoteInfo = LeanSample;
		};
/* End PBXContainerItemProxy section */

/* Begin PBXFileReference section */
		CA4C8B8926BBA1E300FA8950 /* LeanSample.app */ = {isa = PBXFileReference; explicitFileType = wrapper.application; includeInIndex = 0; path = LeanSample.app; sourceTree = BUILT_PRODUCTS_DIR; };
		CA4C8B8C26BBA1E300FA8950 /* AppDelegate.swift */ = {isa = PBXFileReference; lastKnownFileType = sourcecode.swift; path = AppDelegate.swift; sourceTree = "<group>"; };
		CA4C8B8E26BBA1E300FA8950 /* SceneDelegate.swift */ = {isa = PBXFileReference; lastKnownFileType = sourcecode.swift; path = SceneDelegate.swift; sourceTree = "<group>"; };
		CA4C8B9026BBA1E300FA8950 /* ViewController.swift */ = {isa = PBXFileReference; lastKnownFileType = sourcecode.swift; path = ViewController.swift; sourceTree = "<group>"; };
		CA4C8B9326BBA1E300FA8950 /* Base */ = {isa = PBXFileReference; lastKnownFileType = file.storyboard; name = Base; path = Base.lproj/Main.storyboard; sourceTree = "<group>"; };
		CA4C8B9626BBA1E300FA8950 /* LeanSample.xcdatamodel */ = {isa = PBXFileReference; lastKnownFileType = wrapper.xcdatamodel; path = LeanSample.xcdatamodel; sourceTree = "<group>"; };
		CA4C8B9826BBA1EC00FA8950 /* Assets.xcassets */ = {isa = PBXFileReference; lastKnownFileType = folder.assetcatalog; path = Assets.xcassets; sourceTree = "<group>"; };
		CA4C8B9B26BBA1EC00FA8950 /* Base */ = {isa = PBXFileReference; lastKnownFileType = file.storyboard; name = Base; path = Base.lproj/LaunchScreen.storyboard; sourceTree = "<group>"; };
		CA4C8B9D26BBA1EC00FA8950 /* Info.plist */ = {isa = PBXFileReference; lastKnownFileType = text.plist.xml; path = Info.plist; sourceTree = "<group>"; };
		CA4C8BA226BBA1ED00FA8950 /* LeanSampleTests.xctest */ = {isa = PBXFileReference; explicitFileType = wrapper.cfbundle; includeInIndex = 0; path = LeanSampleTests.xctest; sourceTree = BUILT_PRODUCTS_DIR; };
		CA4C8BA626BBA1ED00FA8950 /* LeanSampleTests.swift */ = {isa = PBXFileReference; lastKnownFileType = sourcecode.swift; path = LeanSampleTests.swift; sourceTree = "<group>"; };
		CA4C8BA826BBA1ED00FA8950 /* Info.plist */ = {isa = PBXFileReference; lastKnownFileType = text.plist.xml; path = Info.plist; sourceTree = "<group>"; };
		CA4C8BAD26BBA1ED00FA8950 /* LeanSampleUITests.xctest */ = {isa = PBXFileReference; explicitFileType = wrapper.cfbundle; includeInIndex = 0; path = LeanSampleUITests.xctest; sourceTree = BUILT_PRODUCTS_DIR; };
		CA4C8BB126BBA1ED00FA8950 /* LeanSampleUITests.swift */ = {isa = PBXFileReference; lastKnownFileType = sourcecode.swift; path = LeanSampleUITests.swift; sourceTree = "<group>"; };
		CA4C8BB326BBA1ED00FA8950 /* Info.plist */ = {isa = PBXFileReference; lastKnownFileType = text.plist.xml; path = Info.plist; sourceTree = "<group>"; };
/* End PBXFileReference section */

/* Begin PBXFrameworksBuildPhase section */
		CA4C8B8626BBA1E300FA8950 /* Frameworks */ = {
			isa = PBXFrameworksBuildPhase;
			buildActionMask = 2147483647;
			files = (
			);
			runOnlyForDeploymentPostprocessing = 0;
		};
		CA4C8B9F26BBA1ED00FA8950 /* Frameworks */ = {
			isa = PBXFrameworksBuildPhase;
			buildActionMask = 2147483647;
			files = (
			);
			runOnlyForDeploymentPostprocessing = 0;
		};
		CA4C8BAA26BBA1ED00FA8950 /* Frameworks */ = {
			isa = PBXFrameworksBuildPhase;
			buildActionMask = 2147483647;
			files = (
			);
			runOnlyForDeploymentPostprocessing = 0;
		};
/* End PBXFrameworksBuildPhase section */

/* Begin PBXGroup section */
		CA4C8B8026BBA1E200FA8950 = {
			isa = PBXGroup;
			children = (
				CA4C8B8B26BBA1E300FA8950 /* LeanSample */,
				CA4C8BA526BBA1ED00FA8950 /* LeanSampleTests */,
				CA4C8BB026BBA1ED00FA8950 /* LeanSampleUITests */,
				CA4C8B8A26BBA1E300FA8950 /* Products */,
			);
			sourceTree = "<group>";
		};
		CA4C8B8A26BBA1E300FA8950 /* Products */ = {
			isa = PBXGroup;
			children = (
				CA4C8B8926BBA1E300FA8950 /* LeanSample.app */,
				CA4C8BA226BBA1ED00FA8950 /* LeanSampleTests.xctest */,
				CA4C8BAD26BBA1ED00FA8950 /* LeanSampleUITests.xctest */,
			);
			name = Products;
			sourceTree = "<group>";
		};
		CA4C8B8B26BBA1E300FA8950 /* LeanSample */ = {
			isa = PBXGroup;
			children = (
				CA4C8B8C26BBA1E300FA8950 /* AppDelegate.swift */,
				CA4C8B8E26BBA1E300FA8950 /* SceneDelegate.swift */,
				CA4C8B9026BBA1E300FA8950 /* ViewController.swift */,
				CA4C8B9226BBA1E300FA8950 /* Main.storyboard */,
				CA4C8B9826BBA1EC00FA8950 /* Assets.xcassets */,
				CA4C8B9A26BBA1EC00FA8950 /* LaunchScreen.storyboard */,
				CA4C8B9D26BBA1EC00FA8950 /* Info.plist */,
				CA4C8B9526BBA1E300FA8950 /* LeanSample.xcdatamodeld */,
			);
			path = LeanSample;
			sourceTree = "<group>";
		};
		CA4C8BA526BBA1ED00FA8950 /* LeanSampleTests */ = {
			isa = PBXGroup;
			children = (
				CA4C8BA626BBA1ED00FA8950 /* LeanSampleTests.swift */,
				CA4C8BA826BBA1ED00FA8950 /* Info.plist */,
			);
			path = LeanSampleTests;
			sourceTree = "<group>";
		};
		CA4C8BB026BBA1ED00FA8950 /* LeanSampleUITests */ = {
			isa = PBXGroup;
			children = (
				CA4C8BB126BBA1ED00FA8950 /* LeanSampleUITests.swift */,
				CA4C8BB326BBA1ED00FA8950 /* Info.plist */,
			);
			path = LeanSampleUITests;
			sourceTree = "<group>";
		};
/* End PBXGroup section */

/* Begin PBXNativeTarget section */
		CA4C8B8826BBA1E300FA8950 /* LeanSample */ = {
			isa = PBXNativeTarget;
			buildConfigurationList = CA4C8BB626BBA1ED00FA8950 /* Build configuration list for PBXNativeTarget "LeanSample" */;
			buildPhases = (
				CA4C8B8526BBA1E300FA8950 /* Sources */,
				CA4C8B8626BBA1E300FA8950 /* Frameworks */,
				CA4C8B8726BBA1E300FA8950 /* Resources */,
			);
			buildRules = (
			);
			dependencies = (
			);
			name = LeanSample;
			productName = LeanSample;
			productReference = CA4C8B8926BBA1E300FA8950 /* LeanSample.app */;
			productType = "com.apple.product-type.application";
		};
		CA4C8BA126BBA1ED00FA8950 /* LeanSampleTests */ = {
			isa = PBXNativeTarget;
			buildConfigurationList = CA4C8BB926BBA1ED00FA8950 /* Build configuration list for PBXNativeTarget "LeanSampleTests" */;
			buildPhases = (
				CA4C8B9E26BBA1ED00FA8950 /* Sources */,
				CA4C8B9F26BBA1ED00FA8950 /* Frameworks */,
				CA4C8BA026BBA1ED00FA8950 /* Resources */,
			);
			buildRules = (
			);
			dependencies = (
				CA4C8BA426BBA1ED00FA8950 /* PBXTargetDependency */,
			);
			name = LeanSampleTests;
			productName = LeanSampleTests;
			productReference = CA4C8BA226BBA1ED00FA8950 /* LeanSampleTests.xctest */;
			productType = "com.apple.product-type.bundle.unit-test";
		};
		CA4C8BAC26BBA1ED00FA8950 /* LeanSampleUITests */ = {
			isa = PBXNativeTarget;
			buildConfigurationList = CA4C8BBC26BBA1ED00FA8950 /* Build configuration list for PBXNativeTarget "LeanSampleUITests" */;
			buildPhases = (
				CA4C8BA926BBA1ED00FA8950 /* Sources */,
				CA4C8BAA26BBA1ED00FA8950 /* Frameworks */,
				CA4C8BAB26BBA1ED00FA8950 /* Resources */,
			);
			buildRules = (
			);
			dependencies = (
				CA4C8BAF26BBA1ED00FA8950 /* PBXTargetDependency */,
			);
			name = LeanSampleUITests;
			productName = LeanSampleUITests;
			productReference = CA4C8BAD26BBA1ED00FA8950 /* LeanSampleUITests.xctest */;
			productType = "com.apple.product-type.bundle.ui-testing";
		};
/* End PBXNativeTarget section */

/* Begin PBXProject section */
		CA4C8B8126BBA1E200FA8950 /* Project object */ = {
			isa = PBXProject;
			attributes = {
				LastSwiftUpdateCheck = 1250;
				LastUpgradeCheck = 1250;
				TargetAttributes = {
					CA4C8B8826BBA1E300FA8950 = {
						CreatedOnToolsVersion = 12.5;
					};
					CA4C8BA126BBA1ED00FA8950 = {
						CreatedOnToolsVersion = 12.5;
						TestTargetID = CA4C8B8826BBA1E300FA8950;
					};
					CA4C8BAC26BBA1ED00FA8950 = {
						CreatedOnToolsVersion = 12.5;
						TestTargetID = CA4C8B8826BBA1E300FA8950;
					};
				};
			};
			buildConfigurationList = CA4C8B8426BBA1E200FA8950 /* Build configuration list for PBXProject "LeanSample" */;
			compatibilityVersion = "Xcode 9.3";
			developmentRegion = en;
			hasScannedForEncodings = 0;
			knownRegions = (
				en,
				Base,
			);
			mainGroup = CA4C8B8026BBA1E200FA8950;
			productRefGroup = CA4C8B8A26BBA1E300FA8950 /* Products */;
			projectDirPath = "";
			projectRoot = "";
			targets = (
				CA4C8B8826BBA1E300FA8950 /* LeanSample */,
				CA4C8BA126BBA1ED00FA8950 /* LeanSampleTests */,
				CA4C8BAC26BBA1ED00FA8950 /* LeanSampleUITests */,
			);
		};
/* End PBXProject section */

/* Begin PBXResourcesBuildPhase section */
		CA4C8B8726BBA1E300FA8950 /* Resources */ = {
			isa = PBXResourcesBuildPhase;
			buildActionMask = 2147483647;
			files = (
				CA4C8B9C26BBA1EC00FA8950 /* LaunchScreen.storyboard in Resources */,
				CA4C8B9926BBA1EC00FA8950 /* Assets.xcassets in Resources */,
				CA4C8B9426BBA1E300FA8950 /* Main.storyboard in Resources */,
			);
			runOnlyForDeploymentPostprocessing = 0;
		};
		CA4C8BA026BBA1ED00FA8950 /* Resources */ = {
			isa = PBXResourcesBuildPhase;
			buildActionMask = 2147483647;
			files = (
			);
			runOnlyForDeploymentPostprocessing = 0;
		};
		CA4C8BAB26BBA1ED00FA8950 /* Resources */ = {
			isa = PBXResourcesBuildPhase;
			buildActionMask = 2147483647;
			files = (
			);
			runOnlyForDeploymentPostprocessing = 0;
		};
/* End PBXResourcesBuildPhase section */

/* Begin PBXSourcesBuildPhase section */
		CA4C8B8526BBA1E300FA8950 /* Sources */ = {
			isa = PBXSourcesBuildPhase;
			buildActionMask = 2147483647;
			files = (
				CA4C8B9126BBA1E300FA8950 /* ViewController.swift in Sources */,
				CA4C8B9726BBA1E300FA8950 /* LeanSample.xcdatamodeld in Sources */,
				CA4C8B8D26BBA1E300FA8950 /* AppDelegate.swift in Sources */,
				CA4C8B8F26BBA1E300FA8950 /* SceneDelegate.swift in Sources */,
			);
			runOnlyForDeploymentPostprocessing = 0;
		};
		CA4C8B9E26BBA1ED00FA8950 /* Sources */ = {
			isa = PBXSourcesBuildPhase;
			buildActionMask = 2147483647;
			files = (
				CA4C8BA726BBA1ED00FA8950 /* LeanSampleTests.swift in Sources */,
			);
			runOnlyForDeploymentPostprocessing = 0;
		};
		CA4C8BA926BBA1ED00FA8950 /* Sources */ = {
			isa = PBXSourcesBuildPhase;
			buildActionMask = 2147483647;
			files = (
				CA4C8BB226BBA1ED00FA8950 /* LeanSampleUITests.swift in Sources */,
			);
			runOnlyForDeploymentPostprocessing = 0;
		};
/* End PBXSourcesBuildPhase section */

/* Begin PBXTargetDependency section */
		CA4C8BA426BBA1ED00FA8950 /* PBXTargetDependency */ = {
			isa = PBXTargetDependency;
			target = CA4C8B8826BBA1E300FA8950 /* LeanSample */;
			targetProxy = CA4C8BA326BBA1ED00FA8950 /* PBXContainerItemProxy */;
		};
		CA4C8BAF26BBA1ED00FA8950 /* PBXTargetDependency */ = {
			isa = PBXTargetDependency;
			target = CA4C8B8826BBA1E300FA8950 /* LeanSample */;
			targetProxy = CA4C8BAE26BBA1ED00FA8950 /* PBXContainerItemProxy */;
		};
/* End PBXTargetDependency section */

/* Begin PBXVariantGroup section */
		CA4C8B9226BBA1E300FA8950 /* Main.storyboard */ = {
			isa = PBXVariantGroup;
			children = (
				CA4C8B9326BBA1E300FA8950 /* Base */,
			);
			name = Main.storyboard;
			sourceTree = "<group>";
		};
		CA4C8B9A26BBA1EC00FA8950 /* LaunchScreen.storyboard */ = {
			isa = PBXVariantGroup;
			children = (
				CA4C8B9B26BBA1EC00FA8950 /* Base */,
			);
			name = LaunchScreen.storyboard;
			sourceTree = "<group>";
		};
/* End PBXVariantGroup section */

/* Begin XCBuildConfiguration section */
		CA4C8BB426BBA1ED00FA8950 /* Debug */ = {
			isa = XCBuildConfiguration;
			buildSettings = {
				ALWAYS_SEARCH_USER_PATHS = NO;
				CLANG_ANALYZER_NONNULL = YES;
				CLANG_ANALYZER_NUMBER_OBJECT_CONVERSION = YES_AGGRESSIVE;
				CLANG_CXX_LANGUAGE_STANDARD = "gnu++14";
				CLANG_CXX_LIBRARY = "libc++";
				CLANG_ENABLE_MODULES = YES;
				CLANG_ENABLE_OBJC_ARC = YES;
				CLANG_ENABLE_OBJC_WEAK = YES;
				CLANG_WARN_BLOCK_CAPTURE_AUTORELEASING = YES;
				CLANG_WARN_BOOL_CONVERSION = YES;
				CLANG_WARN_COMMA = YES;
				CLANG_WARN_CONSTANT_CONVERSION = YES;
				CLANG_WARN_DEPRECATED_OBJC_IMPLEMENTATIONS = YES;
				CLANG_WARN_DIRECT_OBJC_ISA_USAGE = YES_ERROR;
				CLANG_WARN_DOCUMENTATION_COMMENTS = YES;
				CLANG_WARN_EMPTY_BODY = YES;
				CLANG_WARN_ENUM_CONVERSION = YES;
				CLANG_WARN_INFINITE_RECURSION = YES;
				CLANG_WARN_INT_CONVERSION = YES;
				CLANG_WARN_NON_LITERAL_NULL_CONVERSION = YES;
				CLANG_WARN_OBJC_IMPLICIT_RETAIN_SELF = YES;
				CLANG_WARN_OBJC_LITERAL_CONVERSION = YES;
				CLANG_WARN_OBJC_ROOT_CLASS = YES_ERROR;
				CLANG_WARN_QUOTED_INCLUDE_IN_FRAMEWORK_HEADER = YES;
				CLANG_WARN_RANGE_LOOP_ANALYSIS = YES;
				CLANG_WARN_STRICT_PROTOTYPES = YES;
				CLANG_WARN_SUSPICIOUS_MOVE = YES;
				CLANG_WARN_UNGUARDED_AVAILABILITY = YES_AGGRESSIVE;
				CLANG_WARN_UNREACHABLE_CODE = YES;
				CLANG_WARN__DUPLICATE_METHOD_MATCH = YES;
				COPY_PHASE_STRIP = NO;
				DEBUG_INFORMATION_FORMAT = dwarf;
				ENABLE_STRICT_OBJC_MSGSEND = YES;
				ENABLE_TESTABILITY = YES;
				GCC_C_LANGUAGE_STANDARD = gnu11;
				GCC_DYNAMIC_NO_PIC = NO;
				GCC_NO_COMMON_BLOCKS = YES;
				GCC_OPTIMIZATION_LEVEL = 0;
				GCC_PREPROCESSOR_DEFINITIONS = (
					"DEBUG=1",
					"$(inherited)",
				);
				GCC_WARN_64_TO_32_BIT_CONVERSION = YES;
				GCC_WARN_ABOUT_RETURN_TYPE = YES_ERROR;
				GCC_WARN_UNDECLARED_SELECTOR = YES;
				GCC_WARN_UNINITIALIZED_AUTOS = YES_AGGRESSIVE;
				GCC_WARN_UNUSED_FUNCTION = YES;
				GCC_WARN_UNUSED_VARIABLE = YES;
				IPHONEOS_DEPLOYMENT_TARGET = 14.5;
				MTL_ENABLE_DEBUG_INFO = INCLUDE_SOURCE;
				MTL_FAST_MATH = YES;
				ONLY_ACTIVE_ARCH = YES;
				SDKROOT = iphoneos;
				SWIFT_ACTIVE_COMPILATION_CONDITIONS = DEBUG;
				SWIFT_OPTIMIZATION_LEVEL = "-Onone";
			};
			name = Debug;
		};
		CA4C8BB526BBA1ED00FA8950 /* Release */ = {
			isa = XCBuildConfiguration;
			buildSettings = {
				ALWAYS_SEARCH_USER_PATHS = NO;
				CLANG_ANALYZER_NONNULL = YES;
				CLANG_ANALYZER_NUMBER_OBJECT_CONVERSION = YES_AGGRESSIVE;
				CLANG_CXX_LANGUAGE_STANDARD = "gnu++14";
				CLANG_CXX_LIBRARY = "libc++";
				CLANG_ENABLE_MODULES = YES;
				CLANG_ENABLE_OBJC_ARC = YES;
				CLANG_ENABLE_OBJC_WEAK = YES;
				CLANG_WARN_BLOCK_CAPTURE_AUTORELEASING = YES;
				CLANG_WARN_BOOL_CONVERSION = YES;
				CLANG_WARN_COMMA = YES;
				CLANG_WARN_CONSTANT_CONVERSION = YES;
				CLANG_WARN_DEPRECATED_OBJC_IMPLEMENTATIONS = YES;
				CLANG_WARN_DIRECT_OBJC_ISA_USAGE = YES_ERROR;
				CLANG_WARN_DOCUMENTATION_COMMENTS = YES;
				CLANG_WARN_EMPTY_BODY = YES;
				CLANG_WARN_ENUM_CONVERSION = YES;
				CLANG_WARN_INFINITE_RECURSION = YES;
				CLANG_WARN_INT_CONVERSION = YES;
				CLANG_WARN_NON_LITERAL_NULL_CONVERSION = YES;
				CLANG_WARN_OBJC_IMPLICIT_RETAIN_SELF = YES;
				CLANG_WARN_OBJC_LITERAL_CONVERSION = YES;
				CLANG_WARN_OBJC_ROOT_CLASS = YES_ERROR;
				CLANG_WARN_QUOTED_INCLUDE_IN_FRAMEWORK_HEADER = YES;
				CLANG_WARN_RANGE_LOOP_ANALYSIS = YES;
				CLANG_WARN_STRICT_PROTOTYPES = YES;
				CLANG_WARN_SUSPICIOUS_MOVE = YES;
				CLANG_WARN_UNGUARDED_AVAILABILITY = YES_AGGRESSIVE;
				CLANG_WARN_UNREACHABLE_CODE = YES;
				CLANG_WARN__DUPLICATE_METHOD_MATCH = YES;
				COPY_PHASE_STRIP = NO;
				DEBUG_INFORMATION_FORMAT = "dwarf-with-dsym";
				ENABLE_NS_ASSERTIONS = NO;
				ENABLE_STRICT_OBJC_MSGSEND = YES;
				GCC_C_LANGUAGE_STANDARD = gnu11;
				GCC_NO_COMMON_BLOCKS = YES;
				GCC_WARN_64_TO_32_BIT_CONVERSION = YES;
				GCC_WARN_ABOUT_RETURN_TYPE = YES_ERROR;
				GCC_WARN_UNDECLARED_SELECTOR = YES;
				GCC_WARN_UNINITIALIZED_AUTOS = YES_AGGRESSIVE;
				GCC_WARN_UNUSED_FUNCTION = YES;
				GCC_WARN_UNUSED_VARIABLE = YES;
				IPHONEOS_DEPLOYMENT_TARGET = 14.5;
				MTL_ENABLE_DEBUG_INFO = NO;
				MTL_FAST_MATH = YES;
				SDKROOT = iphoneos;
				SWIFT_COMPILATION_MODE = wholemodule;
				SWIFT_OPTIMIZATION_LEVEL = "-O";
				VALIDATE_PRODUCT = YES;
			};
			name = Release;
		};
		CA4C8BB726BBA1ED00FA8950 /* Debug */ = {
			isa = XCBuildConfiguration;
			buildSettings = {
				ASSETCATALOG_COMPILER_APPICON_NAME = AppIcon;
				ASSETCATALOG_COMPILER_GLOBAL_ACCENT_COLOR_NAME = AccentColor;
				CODE_SIGN_STYLE = Automatic;
				INFOPLIST_FILE = LeanSample/Info.plist;
				LD_RUNPATH_SEARCH_PATHS = (
					"$(inherited)",
					"@executable_path/Frameworks",
				);
				PRODUCT_BUNDLE_IDENTIFIER = PDD.LeanSample;
				PRODUCT_NAME = "$(TARGET_NAME)";
				SWIFT_VERSION = 5.0;
				TARGETED_DEVICE_FAMILY = "1,2";
			};
			name = Debug;
		};
		CA4C8BB826BBA1ED00FA8950 /* Release */ = {
			isa = XCBuildConfiguration;
			buildSettings = {
				ASSETCATALOG_COMPILER_APPICON_NAME = AppIcon;
				ASSETCATALOG_COMPILER_GLOBAL_ACCENT_COLOR_NAME = AccentColor;
				CODE_SIGN_STYLE = Automatic;
				INFOPLIST_FILE = LeanSample/Info.plist;
				LD_RUNPATH_SEARCH_PATHS = (
					"$(inherited)",
					"@executable_path/Frameworks",
				);
				PRODUCT_BUNDLE_IDENTIFIER = PDD.LeanSample;
				PRODUCT_NAME = "$(TARGET_NAME)";
				SWIFT_VERSION = 5.0;
				TARGETED_DEVICE_FAMILY = "1,2";
			};
			name = Release;
		};
		CA4C8BBA26BBA1ED00FA8950 /* Debug */ = {
			isa = XCBuildConfiguration;
			buildSettings = {
				ALWAYS_EMBED_SWIFT_STANDARD_LIBRARIES = YES;
				BUNDLE_LOADER = "$(TEST_HOST)";
				CODE_SIGN_STYLE = Automatic;
				INFOPLIST_FILE = LeanSampleTests/Info.plist;
				IPHONEOS_DEPLOYMENT_TARGET = 14.5;
				LD_RUNPATH_SEARCH_PATHS = (
					"$(inherited)",
					"@executable_path/Frameworks",
					"@loader_path/Frameworks",
				);
				PRODUCT_BUNDLE_IDENTIFIER = PDD.LeanSampleTests;
				PRODUCT_NAME = "$(TARGET_NAME)";
				SWIFT_VERSION = 5.0;
				TARGETED_DEVICE_FAMILY = "1,2";
				TEST_HOST = "$(BUILT_PRODUCTS_DIR)/LeanSample.app/LeanSample";
			};
			name = Debug;
		};
		CA4C8BBB26BBA1ED00FA8950 /* Release */ = {
			isa = XCBuildConfiguration;
			buildSettings = {
				ALWAYS_EMBED_SWIFT_STANDARD_LIBRARIES = YES;
				BUNDLE_LOADER = "$(TEST_HOST)";
				CODE_SIGN_STYLE = Automatic;
				INFOPLIST_FILE = LeanSampleTests/Info.plist;
				IPHONEOS_DEPLOYMENT_TARGET = 14.5;
				LD_RUNPATH_SEARCH_PATHS = (
					"$(inherited)",
					"@executable_path/Frameworks",
					"@loader_path/Frameworks",
				);
				PRODUCT_BUNDLE_IDENTIFIER = PDD.LeanSampleTests;
				PRODUCT_NAME = "$(TARGET_NAME)";
				SWIFT_VERSION = 5.0;
				TARGETED_DEVICE_FAMILY = "1,2";
				TEST_HOST = "$(BUILT_PRODUCTS_DIR)/LeanSample.app/LeanSample";
			};
			name = Release;
		};
		CA4C8BBD26BBA1ED00FA8950 /* Debug */ = {
			isa = XCBuildConfiguration;
			buildSettings = {
				ALWAYS_EMBED_SWIFT_STANDARD_LIBRARIES = YES;
				CODE_SIGN_STYLE = Automatic;
				INFOPLIST_FILE = LeanSampleUITests/Info.plist;
				LD_RUNPATH_SEARCH_PATHS = (
					"$(inherited)",
					"@executable_path/Frameworks",
					"@loader_path/Frameworks",
				);
				PRODUCT_BUNDLE_IDENTIFIER = PDD.LeanSampleUITests;
				PRODUCT_NAME = "$(TARGET_NAME)";
				SWIFT_VERSION = 5.0;
				TARGETED_DEVICE_FAMILY = "1,2";
				TEST_TARGET_NAME = LeanSample;
			};
			name = Debug;
		};
		CA4C8BBE26BBA1ED00FA8950 /* Release */ = {
			isa = XCBuildConfiguration;
			buildSettings = {
				ALWAYS_EMBED_SWIFT_STANDARD_LIBRARIES = YES;
				CODE_SIGN_STYLE = Automatic;
				INFOPLIST_FILE = LeanSampleUITests/Info.plist;
				LD_RUNPATH_SEARCH_PATHS = (
					"$(inherited)",
					"@executable_path/Frameworks",
					"@loader_path/Frameworks",
				);
				PRODUCT_BUNDLE_IDENTIFIER = PDD.LeanSampleUITests;
				PRODUCT_NAME = "$(TARGET_NAME)";
				SWIFT_VERSION = 5.0;
				TARGETED_DEVICE_FAMILY = "1,2";
				TEST_TARGET_NAME = LeanSample;
			};
			name = Release;
		};
/* End XCBuildConfiguration section */

/* Begin XCConfigurationList section */
		CA4C8B8426BBA1E200FA8950 /* Build configuration list for PBXProject "LeanSample" */ = {
			isa = XCConfigurationList;
			buildConfigurations = (
				CA4C8BB426BBA1ED00FA8950 /* Debug */,
				CA4C8BB526BBA1ED00FA8950 /* Release */,
			);
			defaultConfigurationIsVisible = 0;
			defaultConfigurationName = Release;
		};
		CA4C8BB626BBA1ED00FA8950 /* Build configuration list for PBXNativeTarget "LeanSample" */ = {
			isa = XCConfigurationList;
			buildConfigurations = (
				CA4C8BB726BBA1ED00FA8950 /* Debug */,
				CA4C8BB826BBA1ED00FA8950 /* Release */,
			);
			defaultConfigurationIsVisible = 0;
			defaultConfigurationName = Release;
		};
		CA4C8BB926BBA1ED00FA8950 /* Build configuration list for PBXNativeTarget "LeanSampleTests" */ = {
			isa = XCConfigurationList;
			buildConfigurations = (
				CA4C8BBA26BBA1ED00FA8950 /* Debug */,
				CA4C8BBB26BBA1ED00FA8950 /* Release */,
			);
			defaultConfigurationIsVisible = 0;
			defaultConfigurationName = Release;
		};
		CA4C8BBC26BBA1ED00FA8950 /* Build configuration list for PBXNativeTarget "LeanSampleUITests" */ = {
			isa = XCConfigurationList;
			buildConfigurations = (
				CA4C8BBD26BBA1ED00FA8950 /* Debug */,
				CA4C8BBE26BBA1ED00FA8950 /* Release */,
			);
			defaultConfigurationIsVisible = 0;
			defaultConfigurationName = Release;
		};
/* End XCConfigurationList section */

/* Begin XCVersionGroup section */
		CA4C8B9526BBA1E300FA8950 /* LeanSample.xcdatamodeld */ = {
			isa = XCVersionGroup;
			children = (
				CA4C8B9626BBA1E300FA8950 /* LeanSample.xcdatamodel */,
			);
			currentVersion = CA4C8B9626BBA1E300FA8950 /* LeanSample.xcdatamodel */;
			path = LeanSample.xcdatamodeld;
			sourceTree = "<group>";
			versionGroupType = wrapper.xcdatamodel;
		};
/* End XCVersionGroup section */
	};
	rootObject = CA4C8B8126BBA1E200FA8950 /* Project object */;
}
