// !$*UTF8*$!
{
	archiveVersion = 1;
	classes = {
	};
	objectVersion = 52;
	objects = {

/* Begin PBXBuildFile section */
		3BB8EAC03549BB588AB8BEDA /* Pods_LeanSampleTests.framework in Frameworks */ = {isa = PBXBuildFile; fileRef = A8A3FF529B3E4E59ADA9EB6A /* Pods_LeanSampleTests.framework */; };
		938E24D2542611AD70F3E2B7 /* Pods_LeanSample_LeanSampleUITests.framework in Frameworks */ = {isa = PBXBuildFile; fileRef = 22F2514AD93468A502AE89C1 /* Pods_LeanSample_LeanSampleUITests.framework */; };
		9D2D79EA26C6923B00B17DC1 /* LeanSDK.xcframework in Frameworks */ = {isa = PBXBuildFile; fileRef = 9D2D79E926C6923B00B17DC1 /* LeanSDK.xcframework */; };
		9D75851526CA75F60095BF3F /* bg.json in Resources */ = {isa = PBXBuildFile; fileRef = 9D75851426CA75F60095BF3F /* bg.json */; };
		9D75851726CA764F0095BF3F /* SplashVC.swift in Sources */ = {isa = PBXBuildFile; fileRef = 9D75851626CA764F0095BF3F /* SplashVC.swift */; };
		9D75851926CA89530095BF3F /* Lean.png in Resources */ = {isa = PBXBuildFile; fileRef = 9D75851826CA89520095BF3F /* Lean.png */; };
		9D75851B26CA96730095BF3F /* lulu.png in Resources */ = {isa = PBXBuildFile; fileRef = 9D75851A26CA96730095BF3F /* lulu.png */; };
		AC7DBC2AFB0444B889ABD121 /* Pods_LeanSample.framework in Frameworks */ = {isa = PBXBuildFile; fileRef = 92802B2303C65FCF0EAE2553 /* Pods_LeanSample.framework */; };
		CA4C8B8D26BBA1E300FA8950 /* AppDelegate.swift in Sources */ = {isa = PBXBuildFile; fileRef = CA4C8B8C26BBA1E300FA8950 /* AppDelegate.swift */; };
		CA4C8B9426BBA1E300FA8950 /* Main.storyboard in Resources */ = {isa = PBXBuildFile; fileRef = CA4C8B9226BBA1E300FA8950 /* Main.storyboard */; };
		CA4C8B9726BBA1E300FA8950 /* LeanSample.xcdatamodeld in Sources */ = {isa = PBXBuildFile; fileRef = CA4C8B9526BBA1E300FA8950 /* LeanSample.xcdatamodeld */; };
		CA4C8B9926BBA1EC00FA8950 /* Assets.xcassets in Resources */ = {isa = PBXBuildFile; fileRef = CA4C8B9826BBA1EC00FA8950 /* Assets.xcassets */; };
		CA4C8B9C26BBA1EC00FA8950 /* LaunchScreen.storyboard in Resources */ = {isa = PBXBuildFile; fileRef = CA4C8B9A26BBA1EC00FA8950 /* LaunchScreen.storyboard */; };
		CA4C8BA726BBA1ED00FA8950 /* LeanSampleTests.swift in Sources */ = {isa = PBXBuildFile; fileRef = CA4C8BA626BBA1ED00FA8950 /* LeanSampleTests.swift */; };
		CA4C8BB226BBA1ED00FA8950 /* LeanSampleUITests.swift in Sources */ = {isa = PBXBuildFile; fileRef = CA4C8BB126BBA1ED00FA8950 /* LeanSampleUITests.swift */; };
		CA65418A26BCF99100D0912A /* OnBoardVC.swift in Sources */ = {isa = PBXBuildFile; fileRef = CA65418926BCF99100D0912A /* OnBoardVC.swift */; };
		CA65418C26BCFD0700D0912A /* Extentions.swift in Sources */ = {isa = PBXBuildFile; fileRef = CA65418B26BCFD0700D0912A /* Extentions.swift */; };
/* End PBXBuildFile section */

/* Begin PBXContainerItemProxy section */
		CA4C8BA326BBA1ED00FA8950 /* PBXContainerItemProxy */ = {
			isa = PBXContainerItemProxy;
			containerPortal = CA4C8B8126BBA1E200FA8950 /* Project object */;
			proxyType = 1;
			remoteGlobalIDString = CA4C8B8826BBA1E300FA8950;
			remoteInfo = LeanSample;
		};
		CA4C8BAE26BBA1ED00FA8950 /* PBXContainerItemProxy */ = {
			isa = PBXContainerItemProxy;
			containerPortal = CA4C8B8126BBA1E200FA8950 /* Project object */;
			proxyType = 1;
			remoteGlobalIDString = CA4C8B8826BBA1E300FA8950;
			remoteInfo = LeanSample;
		};
/* End PBXContainerItemProxy section */

/* Begin PBXFileReference section */
		22F2514AD93468A502AE89C1 /* Pods_LeanSample_LeanSampleUITests.framework */ = {isa = PBXFileReference; explicitFileType = wrapper.framework; includeInIndex = 0; path = Pods_LeanSample_LeanSampleUITests.framework; sourceTree = BUILT_PRODUCTS_DIR; };
		2653561122CD44FA67E17CF0 /* Pods-LeanSample.debug.xcconfig */ = {isa = PBXFileReference; includeInIndex = 1; lastKnownFileType = text.xcconfig; name = "Pods-LeanSample.debug.xcconfig"; path = "Target Support Files/Pods-LeanSample/Pods-LeanSample.debug.xcconfig"; sourceTree = "<group>"; };
		6ACEDFCD686FA4DA8E0EE55E /* Pods-LeanSample-LeanSampleUITests.release.xcconfig */ = {isa = PBXFileReference; includeInIndex = 1; lastKnownFileType = text.xcconfig; name = "Pods-LeanSample-LeanSampleUITests.release.xcconfig"; path = "Target Support Files/Pods-LeanSample-LeanSampleUITests/Pods-LeanSample-LeanSampleUITests.release.xcconfig"; sourceTree = "<group>"; };
		6F5F49C66AC2E74257B4016E /* Pods-LeanSampleTests.release.xcconfig */ = {isa = PBXFileReference; includeInIndex = 1; lastKnownFileType = text.xcconfig; name = "Pods-LeanSampleTests.release.xcconfig"; path = "Target Support Files/Pods-LeanSampleTests/Pods-LeanSampleTests.release.xcconfig"; sourceTree = "<group>"; };
		92802B2303C65FCF0EAE2553 /* Pods_LeanSample.framework */ = {isa = PBXFileReference; explicitFileType = wrapper.framework; includeInIndex = 0; path = Pods_LeanSample.framework; sourceTree = BUILT_PRODUCTS_DIR; };
		9BA979C2F258E25C6AEDE7BC /* Pods-LeanSample.release.xcconfig */ = {isa = PBXFileReference; includeInIndex = 1; lastKnownFileType = text.xcconfig; name = "Pods-LeanSample.release.xcconfig"; path = "Target Support Files/Pods-LeanSample/Pods-LeanSample.release.xcconfig"; sourceTree = "<group>"; };
		9D2D79E926C6923B00B17DC1 /* LeanSDK.xcframework */ = {isa = PBXFileReference; lastKnownFileType = wrapper.xcframework; path = LeanSDK.xcframework; sourceTree = "<group>"; };
		9D75851426CA75F60095BF3F /* bg.json */ = {isa = PBXFileReference; fileEncoding = 4; lastKnownFileType = text.json; path = bg.json; sourceTree = "<group>"; };
		9D75851626CA764F0095BF3F /* SplashVC.swift */ = {isa = PBXFileReference; lastKnownFileType = sourcecode.swift; path = SplashVC.swift; sourceTree = "<group>"; };
		9D75851826CA89520095BF3F /* Lean.png */ = {isa = PBXFileReference; lastKnownFileType = image.png; path = Lean.png; sourceTree = "<group>"; };
		9D75851A26CA96730095BF3F /* lulu.png */ = {isa = PBXFileReference; lastKnownFileType = image.png; path = lulu.png; sourceTree = "<group>"; };
		A8A3FF529B3E4E59ADA9EB6A /* Pods_LeanSampleTests.framework */ = {isa = PBXFileReference; explicitFileType = wrapper.framework; includeInIndex = 0; path = Pods_LeanSampleTests.framework; sourceTree = BUILT_PRODUCTS_DIR; };
		C4090FEDF49A5CFA6A7494B1 /* Pods-LeanSampleTests.debug.xcconfig */ = {isa = PBXFileReference; includeInIndex = 1; lastKnownFileType = text.xcconfig; name = "Pods-LeanSampleTests.debug.xcconfig"; path = "Target Support Files/Pods-LeanSampleTests/Pods-LeanSampleTests.debug.xcconfig"; sourceTree = "<group>"; };
		CA4C8B8926BBA1E300FA8950 /* LeanSample.app */ = {isa = PBXFileReference; explicitFileType = wrapper.application; includeInIndex = 0; path = LeanSample.app; sourceTree = BUILT_PRODUCTS_DIR; };
		CA4C8B8C26BBA1E300FA8950 /* AppDelegate.swift */ = {isa = PBXFileReference; lastKnownFileType = sourcecode.swift; path = AppDelegate.swift; sourceTree = "<group>"; };
		CA4C8B9326BBA1E300FA8950 /* Base */ = {isa = PBXFileReference; lastKnownFileType = file.storyboard; name = Base; path = Base.lproj/Main.storyboard; sourceTree = "<group>"; };
		CA4C8B9626BBA1E300FA8950 /* LeanSample.xcdatamodel */ = {isa = PBXFileReference; lastKnownFileType = wrapper.xcdatamodel; path = LeanSample.xcdatamodel; sourceTree = "<group>"; };
		CA4C8B9826BBA1EC00FA8950 /* Assets.xcassets */ = {isa = PBXFileReference; lastKnownFileType = folder.assetcatalog; path = Assets.xcassets; sourceTree = "<group>"; };
		CA4C8B9B26BBA1EC00FA8950 /* Base */ = {isa = PBXFileReference; lastKnownFileType = file.storyboard; name = Base; path = Base.lproj/LaunchScreen.storyboard; sourceTree = "<group>"; };
		CA4C8B9D26BBA1EC00FA8950 /* Info.plist */ = {isa = PBXFileReference; lastKnownFileType = text.plist.xml; path = Info.plist; sourceTree = "<group>"; };
		CA4C8BA226BBA1ED00FA8950 /* LeanSampleTests.xctest */ = {isa = PBXFileReference; explicitFileType = wrapper.cfbundle; includeInIndex = 0; path = LeanSampleTests.xctest; sourceTree = BUILT_PRODUCTS_DIR; };
		CA4C8BA626BBA1ED00FA8950 /* LeanSampleTests.swift */ = {isa = PBXFileReference; lastKnownFileType = sourcecode.swift; path = LeanSampleTests.swift; sourceTree = "<group>"; };
		CA4C8BA826BBA1ED00FA8950 /* Info.plist */ = {isa = PBXFileReference; lastKnownFileType = text.plist.xml; path = Info.plist; sourceTree = "<group>"; };
		CA4C8BAD26BBA1ED00FA8950 /* LeanSampleUITests.xctest */ = {isa = PBXFileReference; explicitFileType = wrapper.cfbundle; includeInIndex = 0; path = LeanSampleUITests.xctest; sourceTree = BUILT_PRODUCTS_DIR; };
		CA4C8BB126BBA1ED00FA8950 /* LeanSampleUITests.swift */ = {isa = PBXFileReference; lastKnownFileType = sourcecode.swift; path = LeanSampleUITests.swift; sourceTree = "<group>"; };
		CA4C8BB326BBA1ED00FA8950 /* Info.plist */ = {isa = PBXFileReference; lastKnownFileType = text.plist.xml; path = Info.plist; sourceTree = "<group>"; };
		CA65418926BCF99100D0912A /* OnBoardVC.swift */ = {isa = PBXFileReference; lastKnownFileType = sourcecode.swift; path = OnBoardVC.swift; sourceTree = "<group>"; };
		CA65418B26BCFD0700D0912A /* Extentions.swift */ = {isa = PBXFileReference; lastKnownFileType = sourcecode.swift; path = Extentions.swift; sourceTree = "<group>"; };
		D2FE3842BE12206DAAB64DFE /* Pods-LeanSample-LeanSampleUITests.debug.xcconfig */ = {isa = PBXFileReference; includeInIndex = 1; lastKnownFileType = text.xcconfig; name = "Pods-LeanSample-LeanSampleUITests.debug.xcconfig"; path = "Target Support Files/Pods-LeanSample-LeanSampleUITests/Pods-LeanSample-LeanSampleUITests.debug.xcconfig"; sourceTree = "<group>"; };
/* End PBXFileReference section */

/* Begin PBXFrameworksBuildPhase section */
		CA4C8B8626BBA1E300FA8950 /* Frameworks */ = {
			isa = PBXFrameworksBuildPhase;
			buildActionMask = 2147483647;
			files = (
				9D2D79EA26C6923B00B17DC1 /* LeanSDK.xcframework in Frameworks */,
				AC7DBC2AFB0444B889ABD121 /* Pods_LeanSample.framework in Frameworks */,
			);
			runOnlyForDeploymentPostprocessing = 0;
		};
		CA4C8B9F26BBA1ED00FA8950 /* Frameworks */ = {
			isa = PBXFrameworksBuildPhase;
			buildActionMask = 2147483647;
			files = (
				3BB8EAC03549BB588AB8BEDA /* Pods_LeanSampleTests.framework in Frameworks */,
			);
			runOnlyForDeploymentPostprocessing = 0;
		};
		CA4C8BAA26BBA1ED00FA8950 /* Frameworks */ = {
			isa = PBXFrameworksBuildPhase;
			buildActionMask = 2147483647;
			files = (
				938E24D2542611AD70F3E2B7 /* Pods_LeanSample_LeanSampleUITests.framework in Frameworks */,
			);
			runOnlyForDeploymentPostprocessing = 0;
		};
/* End PBXFrameworksBuildPhase section */

/* Begin PBXGroup section */
		33637945A2501611A57E4703 /* Pods */ = {
			isa = PBXGroup;
			children = (
				2653561122CD44FA67E17CF0 /* Pods-LeanSample.debug.xcconfig */,
				9BA979C2F258E25C6AEDE7BC /* Pods-LeanSample.release.xcconfig */,
				D2FE3842BE12206DAAB64DFE /* Pods-LeanSample-LeanSampleUITests.debug.xcconfig */,
				6ACEDFCD686FA4DA8E0EE55E /* Pods-LeanSample-LeanSampleUITests.release.xcconfig */,
				C4090FEDF49A5CFA6A7494B1 /* Pods-LeanSampleTests.debug.xcconfig */,
				6F5F49C66AC2E74257B4016E /* Pods-LeanSampleTests.release.xcconfig */,
			);
			path = Pods;
			sourceTree = "<group>";
		};
		8408279A6B6F923BC120BCCD /* Frameworks */ = {
			isa = PBXGroup;
			children = (
				92802B2303C65FCF0EAE2553 /* Pods_LeanSample.framework */,
				22F2514AD93468A502AE89C1 /* Pods_LeanSample_LeanSampleUITests.framework */,
				A8A3FF529B3E4E59ADA9EB6A /* Pods_LeanSampleTests.framework */,
			);
			name = Frameworks;
			sourceTree = "<group>";
		};
		CA4C8B8026BBA1E200FA8950 = {
			isa = PBXGroup;
			children = (
				9D2D79E926C6923B00B17DC1 /* LeanSDK.xcframework */,
				CA4C8B8B26BBA1E300FA8950 /* LeanSample */,
				CA4C8BA526BBA1ED00FA8950 /* LeanSampleTests */,
				CA4C8BB026BBA1ED00FA8950 /* LeanSampleUITests */,
				CA4C8B8A26BBA1E300FA8950 /* Products */,
				33637945A2501611A57E4703 /* Pods */,
				8408279A6B6F923BC120BCCD /* Frameworks */,
			);
			sourceTree = "<group>";
		};
		CA4C8B8A26BBA1E300FA8950 /* Products */ = {
			isa = PBXGroup;
			children = (
				CA4C8B8926BBA1E300FA8950 /* LeanSample.app */,
				CA4C8BA226BBA1ED00FA8950 /* LeanSampleTests.xctest */,
				CA4C8BAD26BBA1ED00FA8950 /* LeanSampleUITests.xctest */,
			);
			name = Products;
			sourceTree = "<group>";
		};
		CA4C8B8B26BBA1E300FA8950 /* LeanSample */ = {
			isa = PBXGroup;
			children = (
				9D75851426CA75F60095BF3F /* bg.json */,
				CA77AAAB26C0FE7400A164A4 /* Class */,
				CA4C8B8C26BBA1E300FA8950 /* AppDelegate.swift */,
				9D75851826CA89520095BF3F /* Lean.png */,
				9D75851A26CA96730095BF3F /* lulu.png */,
				CA65418B26BCFD0700D0912A /* Extentions.swift */,
				CA4C8B9226BBA1E300FA8950 /* Main.storyboard */,
				CA4C8B9826BBA1EC00FA8950 /* Assets.xcassets */,
				CA4C8B9A26BBA1EC00FA8950 /* LaunchScreen.storyboard */,
				CA4C8B9D26BBA1EC00FA8950 /* Info.plist */,
				CA4C8B9526BBA1E300FA8950 /* LeanSample.xcdatamodeld */,
			);
			path = LeanSample;
			sourceTree = "<group>";
		};
		CA4C8BA526BBA1ED00FA8950 /* LeanSampleTests */ = {
			isa = PBXGroup;
			children = (
				CA4C8BA626BBA1ED00FA8950 /* LeanSampleTests.swift */,
				CA4C8BA826BBA1ED00FA8950 /* Info.plist */,
			);
			path = LeanSampleTests;
			sourceTree = "<group>";
		};
		CA4C8BB026BBA1ED00FA8950 /* LeanSampleUITests */ = {
			isa = PBXGroup;
			children = (
				CA4C8BB126BBA1ED00FA8950 /* LeanSampleUITests.swift */,
				CA4C8BB326BBA1ED00FA8950 /* Info.plist */,
			);
			path = LeanSampleUITests;
			sourceTree = "<group>";
		};
		CA77AAAB26C0FE7400A164A4 /* Class */ = {
			isa = PBXGroup;
			children = (
				9D75851626CA764F0095BF3F /* SplashVC.swift */,
				CA65418926BCF99100D0912A /* OnBoardVC.swift */,
			);
			path = Class;
			sourceTree = "<group>";
		};
/* End PBXGroup section */

/* Begin PBXNativeTarget section */
		CA4C8B8826BBA1E300FA8950 /* LeanSample */ = {
			isa = PBXNativeTarget;
			buildConfigurationList = CA4C8BB626BBA1ED00FA8950 /* Build configuration list for PBXNativeTarget "LeanSample" */;
			buildPhases = (
				C0D5701183E57BF839DD6904 /* [CP] Check Pods Manifest.lock */,
				CA4C8B8526BBA1E300FA8950 /* Sources */,
				CA4C8B8626BBA1E300FA8950 /* Frameworks */,
				CA4C8B8726BBA1E300FA8950 /* Resources */,
				5CE5D4C74CAB13E377EC8486 /* [CP] Embed Pods Frameworks */,
			);
			buildRules = (
			);
			dependencies = (
			);
			name = LeanSample;
			packageProductDependencies = (
			);
			productName = LeanSample;
			productReference = CA4C8B8926BBA1E300FA8950 /* LeanSample.app */;
			productType = "com.apple.product-type.application";
		};
		CA4C8BA126BBA1ED00FA8950 /* LeanSampleTests */ = {
			isa = PBXNativeTarget;
			buildConfigurationList = CA4C8BB926BBA1ED00FA8950 /* Build configuration list for PBXNativeTarget "LeanSampleTests" */;
			buildPhases = (
				6F38F3A9D3C48E9536D74F71 /* [CP] Check Pods Manifest.lock */,
				CA4C8B9E26BBA1ED00FA8950 /* Sources */,
				CA4C8B9F26BBA1ED00FA8950 /* Frameworks */,
				CA4C8BA026BBA1ED00FA8950 /* Resources */,
			);
			buildRules = (
			);
			dependencies = (
				CA4C8BA426BBA1ED00FA8950 /* PBXTargetDependency */,
			);
			name = LeanSampleTests;
			productName = LeanSampleTests;
			productReference = CA4C8BA226BBA1ED00FA8950 /* LeanSampleTests.xctest */;
			productType = "com.apple.product-type.bundle.unit-test";
		};
		CA4C8BAC26BBA1ED00FA8950 /* LeanSampleUITests */ = {
			isa = PBXNativeTarget;
			buildConfigurationList = CA4C8BBC26BBA1ED00FA8950 /* Build configuration list for PBXNativeTarget "LeanSampleUITests" */;
			buildPhases = (
				F9316B0A2EF14AE6CC4E623E /* [CP] Check Pods Manifest.lock */,
				CA4C8BA926BBA1ED00FA8950 /* Sources */,
				CA4C8BAA26BBA1ED00FA8950 /* Frameworks */,
				CA4C8BAB26BBA1ED00FA8950 /* Resources */,
				34D7A38E806073FDD2CF8DC6 /* [CP] Embed Pods Frameworks */,
			);
			buildRules = (
			);
			dependencies = (
				CA4C8BAF26BBA1ED00FA8950 /* PBXTargetDependency */,
			);
			name = LeanSampleUITests;
			productName = LeanSampleUITests;
			productReference = CA4C8BAD26BBA1ED00FA8950 /* LeanSampleUITests.xctest */;
			productType = "com.apple.product-type.bundle.ui-testing";
		};
/* End PBXNativeTarget section */

/* Begin PBXProject section */
		CA4C8B8126BBA1E200FA8950 /* Project object */ = {
			isa = PBXProject;
			attributes = {
				LastSwiftUpdateCheck = 1250;
				LastUpgradeCheck = 1250;
				TargetAttributes = {
					CA4C8B8826BBA1E300FA8950 = {
						CreatedOnToolsVersion = 12.5;
					};
					CA4C8BA126BBA1ED00FA8950 = {
						CreatedOnToolsVersion = 12.5;
						TestTargetID = CA4C8B8826BBA1E300FA8950;
					};
					CA4C8BAC26BBA1ED00FA8950 = {
						CreatedOnToolsVersion = 12.5;
						TestTargetID = CA4C8B8826BBA1E300FA8950;
					};
				};
			};
			buildConfigurationList = CA4C8B8426BBA1E200FA8950 /* Build configuration list for PBXProject "LeanSample" */;
			compatibilityVersion = "Xcode 9.3";
			developmentRegion = en;
			hasScannedForEncodings = 0;
			knownRegions = (
				en,
				Base,
			);
			mainGroup = CA4C8B8026BBA1E200FA8950;
			packageReferences = (
			);
			productRefGroup = CA4C8B8A26BBA1E300FA8950 /* Products */;
			projectDirPath = "";
			projectRoot = "";
			targets = (
				CA4C8B8826BBA1E300FA8950 /* LeanSample */,
				CA4C8BA126BBA1ED00FA8950 /* LeanSampleTests */,
				CA4C8BAC26BBA1ED00FA8950 /* LeanSampleUITests */,
			);
		};
/* End PBXProject section */

/* Begin PBXResourcesBuildPhase section */
		CA4C8B8726BBA1E300FA8950 /* Resources */ = {
			isa = PBXResourcesBuildPhase;
			buildActionMask = 2147483647;
			files = (
				9D75851526CA75F60095BF3F /* bg.json in Resources */,
				9D75851926CA89530095BF3F /* Lean.png in Resources */,
				CA4C8B9C26BBA1EC00FA8950 /* LaunchScreen.storyboard in Resources */,
				CA4C8B9926BBA1EC00FA8950 /* Assets.xcassets in Resources */,
				CA4C8B9426BBA1E300FA8950 /* Main.storyboard in Resources */,
				9D75851B26CA96730095BF3F /* lulu.png in Resources */,
			);
			runOnlyForDeploymentPostprocessing = 0;
		};
		CA4C8BA026BBA1ED00FA8950 /* Resources */ = {
			isa = PBXResourcesBuildPhase;
			buildActionMask = 2147483647;
			files = (
			);
			runOnlyForDeploymentPostprocessing = 0;
		};
		CA4C8BAB26BBA1ED00FA8950 /* Resources */ = {
			isa = PBXResourcesBuildPhase;
			buildActionMask = 2147483647;
			files = (
			);
			runOnlyForDeploymentPostprocessing = 0;
		};
/* End PBXResourcesBuildPhase section */

/* Begin PBXShellScriptBuildPhase section */
		34D7A38E806073FDD2CF8DC6 /* [CP] Embed Pods Frameworks */ = {
			isa = PBXShellScriptBuildPhase;
			buildActionMask = 2147483647;
			files = (
			);
			inputFileListPaths = (
				"${PODS_ROOT}/Target Support Files/Pods-LeanSample-LeanSampleUITests/Pods-LeanSample-LeanSampleUITests-frameworks-${CONFIGURATION}-input-files.xcfilelist",
			);
			name = "[CP] Embed Pods Frameworks";
			outputFileListPaths = (
				"${PODS_ROOT}/Target Support Files/Pods-LeanSample-LeanSampleUITests/Pods-LeanSample-LeanSampleUITests-frameworks-${CONFIGURATION}-output-files.xcfilelist",
			);
			runOnlyForDeploymentPostprocessing = 0;
			shellPath = /bin/sh;
			shellScript = "\"${PODS_ROOT}/Target Support Files/Pods-LeanSample-LeanSampleUITests/Pods-LeanSample-LeanSampleUITests-frameworks.sh\"\n";
			showEnvVarsInLog = 0;
		};
		5CE5D4C74CAB13E377EC8486 /* [CP] Embed Pods Frameworks */ = {
			isa = PBXShellScriptBuildPhase;
			buildActionMask = 2147483647;
			files = (
			);
			inputFileListPaths = (
				"${PODS_ROOT}/Target Support Files/Pods-LeanSample/Pods-LeanSample-frameworks-${CONFIGURATION}-input-files.xcfilelist",
			);
			name = "[CP] Embed Pods Frameworks";
			outputFileListPaths = (
				"${PODS_ROOT}/Target Support Files/Pods-LeanSample/Pods-LeanSample-frameworks-${CONFIGURATION}-output-files.xcfilelist",
			);
			runOnlyForDeploymentPostprocessing = 0;
			shellPath = /bin/sh;
			shellScript = "\"${PODS_ROOT}/Target Support Files/Pods-LeanSample/Pods-LeanSample-frameworks.sh\"\n";
			showEnvVarsInLog = 0;
		};
		6F38F3A9D3C48E9536D74F71 /* [CP] Check Pods Manifest.lock */ = {
			isa = PBXShellScriptBuildPhase;
			buildActionMask = 2147483647;
			files = (
			);
			inputFileListPaths = (
			);
			inputPaths = (
				"${PODS_PODFILE_DIR_PATH}/Podfile.lock",
				"${PODS_ROOT}/Manifest.lock",
			);
			name = "[CP] Check Pods Manifest.lock";
			outputFileListPaths = (
			);
			outputPaths = (
				"$(DERIVED_FILE_DIR)/Pods-LeanSampleTests-checkManifestLockResult.txt",
			);
			runOnlyForDeploymentPostprocessing = 0;
			shellPath = /bin/sh;
			shellScript = "diff \"${PODS_PODFILE_DIR_PATH}/Podfile.lock\" \"${PODS_ROOT}/Manifest.lock\" > /dev/null\nif [ $? != 0 ] ; then\n    # print error to STDERR\n    echo \"error: The sandbox is not in sync with the Podfile.lock. Run 'pod install' or update your CocoaPods installation.\" >&2\n    exit 1\nfi\n# This output is used by Xcode 'outputs' to avoid re-running this script phase.\necho \"SUCCESS\" > \"${SCRIPT_OUTPUT_FILE_0}\"\n";
			showEnvVarsInLog = 0;
		};
		C0D5701183E57BF839DD6904 /* [CP] Check Pods Manifest.lock */ = {
			isa = PBXShellScriptBuildPhase;
			buildActionMask = 2147483647;
			files = (
			);
			inputFileListPaths = (
			);
			inputPaths = (
				"${PODS_PODFILE_DIR_PATH}/Podfile.lock",
				"${PODS_ROOT}/Manifest.lock",
			);
			name = "[CP] Check Pods Manifest.lock";
			outputFileListPaths = (
			);
			outputPaths = (
				"$(DERIVED_FILE_DIR)/Pods-LeanSample-checkManifestLockResult.txt",
			);
			runOnlyForDeploymentPostprocessing = 0;
			shellPath = /bin/sh;
			shellScript = "diff \"${PODS_PODFILE_DIR_PATH}/Podfile.lock\" \"${PODS_ROOT}/Manifest.lock\" > /dev/null\nif [ $? != 0 ] ; then\n    # print error to STDERR\n    echo \"error: The sandbox is not in sync with the Podfile.lock. Run 'pod install' or update your CocoaPods installation.\" >&2\n    exit 1\nfi\n# This output is used by Xcode 'outputs' to avoid re-running this script phase.\necho \"SUCCESS\" > \"${SCRIPT_OUTPUT_FILE_0}\"\n";
			showEnvVarsInLog = 0;
		};
		F9316B0A2EF14AE6CC4E623E /* [CP] Check Pods Manifest.lock */ = {
			isa = PBXShellScriptBuildPhase;
			buildActionMask = 2147483647;
			files = (
			);
			inputFileListPaths = (
			);
			inputPaths = (
				"${PODS_PODFILE_DIR_PATH}/Podfile.lock",
				"${PODS_ROOT}/Manifest.lock",
			);
			name = "[CP] Check Pods Manifest.lock";
			outputFileListPaths = (
			);
			outputPaths = (
				"$(DERIVED_FILE_DIR)/Pods-LeanSample-LeanSampleUITests-checkManifestLockResult.txt",
			);
			runOnlyForDeploymentPostprocessing = 0;
			shellPath = /bin/sh;
			shellScript = "diff \"${PODS_PODFILE_DIR_PATH}/Podfile.lock\" \"${PODS_ROOT}/Manifest.lock\" > /dev/null\nif [ $? != 0 ] ; then\n    # print error to STDERR\n    echo \"error: The sandbox is not in sync with the Podfile.lock. Run 'pod install' or update your CocoaPods installation.\" >&2\n    exit 1\nfi\n# This output is used by Xcode 'outputs' to avoid re-running this script phase.\necho \"SUCCESS\" > \"${SCRIPT_OUTPUT_FILE_0}\"\n";
			showEnvVarsInLog = 0;
		};
/* End PBXShellScriptBuildPhase section */

/* Begin PBXSourcesBuildPhase section */
		CA4C8B8526BBA1E300FA8950 /* Sources */ = {
			isa = PBXSourcesBuildPhase;
			buildActionMask = 2147483647;
			files = (
				CA65418C26BCFD0700D0912A /* Extentions.swift in Sources */,
				CA65418A26BCF99100D0912A /* OnBoardVC.swift in Sources */,
				CA4C8B9726BBA1E300FA8950 /* LeanSample.xcdatamodeld in Sources */,
				CA4C8B8D26BBA1E300FA8950 /* AppDelegate.swift in Sources */,
				9D75851726CA764F0095BF3F /* SplashVC.swift in Sources */,
			);
			runOnlyForDeploymentPostprocessing = 0;
		};
		CA4C8B9E26BBA1ED00FA8950 /* Sources */ = {
			isa = PBXSourcesBuildPhase;
			buildActionMask = 2147483647;
			files = (
				CA4C8BA726BBA1ED00FA8950 /* LeanSampleTests.swift in Sources */,
			);
			runOnlyForDeploymentPostprocessing = 0;
		};
		CA4C8BA926BBA1ED00FA8950 /* Sources */ = {
			isa = PBXSourcesBuildPhase;
			buildActionMask = 2147483647;
			files = (
				CA4C8BB226BBA1ED00FA8950 /* LeanSampleUITests.swift in Sources */,
			);
			runOnlyForDeploymentPostprocessing = 0;
		};
/* End PBXSourcesBuildPhase section */

/* Begin PBXTargetDependency section */
		CA4C8BA426BBA1ED00FA8950 /* PBXTargetDependency */ = {
			isa = PBXTargetDependency;
			target = CA4C8B8826BBA1E300FA8950 /* LeanSample */;
			targetProxy = CA4C8BA326BBA1ED00FA8950 /* PBXContainerItemProxy */;
		};
		CA4C8BAF26BBA1ED00FA8950 /* PBXTargetDependency */ = {
			isa = PBXTargetDependency;
			target = CA4C8B8826BBA1E300FA8950 /* LeanSample */;
			targetProxy = CA4C8BAE26BBA1ED00FA8950 /* PBXContainerItemProxy */;
		};
/* End PBXTargetDependency section */

/* Begin PBXVariantGroup section */
		CA4C8B9226BBA1E300FA8950 /* Main.storyboard */ = {
			isa = PBXVariantGroup;
			children = (
				CA4C8B9326BBA1E300FA8950 /* Base */,
			);
			name = Main.storyboard;
			sourceTree = "<group>";
		};
		CA4C8B9A26BBA1EC00FA8950 /* LaunchScreen.storyboard */ = {
			isa = PBXVariantGroup;
			children = (
				CA4C8B9B26BBA1EC00FA8950 /* Base */,
			);
			name = LaunchScreen.storyboard;
			sourceTree = "<group>";
		};
/* End PBXVariantGroup section */

/* Begin XCBuildConfiguration section */
		CA4C8BB426BBA1ED00FA8950 /* Debug */ = {
			isa = XCBuildConfiguration;
			buildSettings = {
				ALWAYS_SEARCH_USER_PATHS = NO;
				CLANG_ANALYZER_NONNULL = YES;
				CLANG_ANALYZER_NUMBER_OBJECT_CONVERSION = YES_AGGRESSIVE;
				CLANG_CXX_LANGUAGE_STANDARD = "gnu++14";
				CLANG_CXX_LIBRARY = "libc++";
				CLANG_ENABLE_MODULES = YES;
				CLANG_ENABLE_OBJC_ARC = YES;
				CLANG_ENABLE_OBJC_WEAK = YES;
				CLANG_WARN_BLOCK_CAPTURE_AUTORELEASING = YES;
				CLANG_WARN_BOOL_CONVERSION = YES;
				CLANG_WARN_COMMA = YES;
				CLANG_WARN_CONSTANT_CONVERSION = YES;
				CLANG_WARN_DEPRECATED_OBJC_IMPLEMENTATIONS = YES;
				CLANG_WARN_DIRECT_OBJC_ISA_USAGE = YES_ERROR;
				CLANG_WARN_DOCUMENTATION_COMMENTS = YES;
				CLANG_WARN_EMPTY_BODY = YES;
				CLANG_WARN_ENUM_CONVERSION = YES;
				CLANG_WARN_INFINITE_RECURSION = YES;
				CLANG_WARN_INT_CONVERSION = YES;
				CLANG_WARN_NON_LITERAL_NULL_CONVERSION = YES;
				CLANG_WARN_OBJC_IMPLICIT_RETAIN_SELF = YES;
				CLANG_WARN_OBJC_LITERAL_CONVERSION = YES;
				CLANG_WARN_OBJC_ROOT_CLASS = YES_ERROR;
				CLANG_WARN_QUOTED_INCLUDE_IN_FRAMEWORK_HEADER = YES;
				CLANG_WARN_RANGE_LOOP_ANALYSIS = YES;
				CLANG_WARN_STRICT_PROTOTYPES = YES;
				CLANG_WARN_SUSPICIOUS_MOVE = YES;
				CLANG_WARN_UNGUARDED_AVAILABILITY = YES_AGGRESSIVE;
				CLANG_WARN_UNREACHABLE_CODE = YES;
				CLANG_WARN__DUPLICATE_METHOD_MATCH = YES;
				COPY_PHASE_STRIP = NO;
				DEBUG_INFORMATION_FORMAT = dwarf;
				ENABLE_STRICT_OBJC_MSGSEND = YES;
				ENABLE_TESTABILITY = YES;
				GCC_C_LANGUAGE_STANDARD = gnu11;
				GCC_DYNAMIC_NO_PIC = NO;
				GCC_NO_COMMON_BLOCKS = YES;
				GCC_OPTIMIZATION_LEVEL = 0;
				GCC_PREPROCESSOR_DEFINITIONS = (
					"DEBUG=1",
					"$(inherited)",
				);
				GCC_WARN_64_TO_32_BIT_CONVERSION = YES;
				GCC_WARN_ABOUT_RETURN_TYPE = YES_ERROR;
				GCC_WARN_UNDECLARED_SELECTOR = YES;
				GCC_WARN_UNINITIALIZED_AUTOS = YES_AGGRESSIVE;
				GCC_WARN_UNUSED_FUNCTION = YES;
				GCC_WARN_UNUSED_VARIABLE = YES;
				IPHONEOS_DEPLOYMENT_TARGET = 14.5;
				MTL_ENABLE_DEBUG_INFO = INCLUDE_SOURCE;
				MTL_FAST_MATH = YES;
				ONLY_ACTIVE_ARCH = YES;
				SDKROOT = iphoneos;
				SWIFT_ACTIVE_COMPILATION_CONDITIONS = DEBUG;
				SWIFT_OPTIMIZATION_LEVEL = "-Onone";
			};
			name = Debug;
		};
		CA4C8BB526BBA1ED00FA8950 /* Release */ = {
			isa = XCBuildConfiguration;
			buildSettings = {
				ALWAYS_SEARCH_USER_PATHS = NO;
				CLANG_ANALYZER_NONNULL = YES;
				CLANG_ANALYZER_NUMBER_OBJECT_CONVERSION = YES_AGGRESSIVE;
				CLANG_CXX_LANGUAGE_STANDARD = "gnu++14";
				CLANG_CXX_LIBRARY = "libc++";
				CLANG_ENABLE_MODULES = YES;
				CLANG_ENABLE_OBJC_ARC = YES;
				CLANG_ENABLE_OBJC_WEAK = YES;
				CLANG_WARN_BLOCK_CAPTURE_AUTORELEASING = YES;
				CLANG_WARN_BOOL_CONVERSION = YES;
				CLANG_WARN_COMMA = YES;
				CLANG_WARN_CONSTANT_CONVERSION = YES;
				CLANG_WARN_DEPRECATED_OBJC_IMPLEMENTATIONS = YES;
				CLANG_WARN_DIRECT_OBJC_ISA_USAGE = YES_ERROR;
				CLANG_WARN_DOCUMENTATION_COMMENTS = YES;
				CLANG_WARN_EMPTY_BODY = YES;
				CLANG_WARN_ENUM_CONVERSION = YES;
				CLANG_WARN_INFINITE_RECURSION = YES;
				CLANG_WARN_INT_CONVERSION = YES;
				CLANG_WARN_NON_LITERAL_NULL_CONVERSION = YES;
				CLANG_WARN_OBJC_IMPLICIT_RETAIN_SELF = YES;
				CLANG_WARN_OBJC_LITERAL_CONVERSION = YES;
				CLANG_WARN_OBJC_ROOT_CLASS = YES_ERROR;
				CLANG_WARN_QUOTED_INCLUDE_IN_FRAMEWORK_HEADER = YES;
				CLANG_WARN_RANGE_LOOP_ANALYSIS = YES;
				CLANG_WARN_STRICT_PROTOTYPES = YES;
				CLANG_WARN_SUSPICIOUS_MOVE = YES;
				CLANG_WARN_UNGUARDED_AVAILABILITY = YES_AGGRESSIVE;
				CLANG_WARN_UNREACHABLE_CODE = YES;
				CLANG_WARN__DUPLICATE_METHOD_MATCH = YES;
				COPY_PHASE_STRIP = NO;
				DEBUG_INFORMATION_FORMAT = "dwarf-with-dsym";
				ENABLE_NS_ASSERTIONS = NO;
				ENABLE_STRICT_OBJC_MSGSEND = YES;
				GCC_C_LANGUAGE_STANDARD = gnu11;
				GCC_NO_COMMON_BLOCKS = YES;
				GCC_WARN_64_TO_32_BIT_CONVERSION = YES;
				GCC_WARN_ABOUT_RETURN_TYPE = YES_ERROR;
				GCC_WARN_UNDECLARED_SELECTOR = YES;
				GCC_WARN_UNINITIALIZED_AUTOS = YES_AGGRESSIVE;
				GCC_WARN_UNUSED_FUNCTION = YES;
				GCC_WARN_UNUSED_VARIABLE = YES;
				IPHONEOS_DEPLOYMENT_TARGET = 14.5;
				MTL_ENABLE_DEBUG_INFO = NO;
				MTL_FAST_MATH = YES;
				SDKROOT = iphoneos;
				SWIFT_COMPILATION_MODE = wholemodule;
				SWIFT_OPTIMIZATION_LEVEL = "-O";
				VALIDATE_PRODUCT = YES;
			};
			name = Release;
		};
		CA4C8BB726BBA1ED00FA8950 /* Debug */ = {
			isa = XCBuildConfiguration;
			baseConfigurationReference = 2653561122CD44FA67E17CF0 /* Pods-LeanSample.debug.xcconfig */;
			buildSettings = {
				ASSETCATALOG_COMPILER_APPICON_NAME = AppIcon;
				ASSETCATALOG_COMPILER_GLOBAL_ACCENT_COLOR_NAME = AccentColor;
				CODE_SIGN_IDENTITY = "iPhone Developer";
				CODE_SIGN_STYLE = Manual;
				DEVELOPMENT_TEAM = 8PP8MX9XAS;
				INFOPLIST_FILE = LeanSample/Info.plist;
				LD_RUNPATH_SEARCH_PATHS = (
					"$(inherited)",
					"@executable_path/Frameworks",
				);
				PRODUCT_BUNDLE_IDENTIFIER = com.lulu.luluone.lite;
				PRODUCT_NAME = "$(TARGET_NAME)";
				PROVISIONING_PROFILE_SPECIFIER = Development.com.lulu.luluone.lite;
				SWIFT_VERSION = 5.0;
				TARGETED_DEVICE_FAMILY = "1,2";
			};
			name = Debug;
		};
		CA4C8BB826BBA1ED00FA8950 /* Release */ = {
			isa = XCBuildConfiguration;
			baseConfigurationReference = 9BA979C2F258E25C6AEDE7BC /* Pods-LeanSample.release.xcconfig */;
			buildSettings = {
				ASSETCATALOG_COMPILER_APPICON_NAME = AppIcon;
				ASSETCATALOG_COMPILER_GLOBAL_ACCENT_COLOR_NAME = AccentColor;
				CODE_SIGN_IDENTITY = "iPhone Developer";
				CODE_SIGN_STYLE = Manual;
				DEVELOPMENT_TEAM = 8PP8MX9XAS;
				INFOPLIST_FILE = LeanSample/Info.plist;
				LD_RUNPATH_SEARCH_PATHS = (
					"$(inherited)",
					"@executable_path/Frameworks",
				);
				PRODUCT_BUNDLE_IDENTIFIER = com.lulu.luluone.lite;
				PRODUCT_NAME = "$(TARGET_NAME)";
				PROVISIONING_PROFILE_SPECIFIER = Development.com.lulu.luluone.lite;
				SWIFT_VERSION = 5.0;
				TARGETED_DEVICE_FAMILY = "1,2";
			};
			name = Release;
		};
		CA4C8BBA26BBA1ED00FA8950 /* Debug */ = {
			isa = XCBuildConfiguration;
			baseConfigurationReference = C4090FEDF49A5CFA6A7494B1 /* Pods-LeanSampleTests.debug.xcconfig */;
			buildSettings = {
				ALWAYS_EMBED_SWIFT_STANDARD_LIBRARIES = YES;
				BUNDLE_LOADER = "$(TEST_HOST)";
				CODE_SIGN_STYLE = Automatic;
				INFOPLIST_FILE = LeanSampleTests/Info.plist;
				IPHONEOS_DEPLOYMENT_TARGET = 14.5;
				LD_RUNPATH_SEARCH_PATHS = (
					"$(inherited)",
					"@executable_path/Frameworks",
					"@loader_path/Frameworks",
				);
				PRODUCT_BUNDLE_IDENTIFIER = PDD.LeanSampleTests;
				PRODUCT_NAME = "$(TARGET_NAME)";
				SWIFT_VERSION = 5.0;
				TARGETED_DEVICE_FAMILY = "1,2";
				TEST_HOST = "$(BUILT_PRODUCTS_DIR)/LeanSample.app/LeanSample";
			};
			name = Debug;
		};
		CA4C8BBB26BBA1ED00FA8950 /* Release */ = {
			isa = XCBuildConfiguration;
			baseConfigurationReference = 6F5F49C66AC2E74257B4016E /* Pods-LeanSampleTests.release.xcconfig */;
			buildSettings = {
				ALWAYS_EMBED_SWIFT_STANDARD_LIBRARIES = YES;
				BUNDLE_LOADER = "$(TEST_HOST)";
				CODE_SIGN_STYLE = Automatic;
				INFOPLIST_FILE = LeanSampleTests/Info.plist;
				IPHONEOS_DEPLOYMENT_TARGET = 14.5;
				LD_RUNPATH_SEARCH_PATHS = (
					"$(inherited)",
					"@executable_path/Frameworks",
					"@loader_path/Frameworks",
				);
				PRODUCT_BUNDLE_IDENTIFIER = PDD.LeanSampleTests;
				PRODUCT_NAME = "$(TARGET_NAME)";
				SWIFT_VERSION = 5.0;
				TARGETED_DEVICE_FAMILY = "1,2";
				TEST_HOST = "$(BUILT_PRODUCTS_DIR)/LeanSample.app/LeanSample";
			};
			name = Release;
		};
		CA4C8BBD26BBA1ED00FA8950 /* Debug */ = {
			isa = XCBuildConfiguration;
			baseConfigurationReference = D2FE3842BE12206DAAB64DFE /* Pods-LeanSample-LeanSampleUITests.debug.xcconfig */;
			buildSettings = {
				ALWAYS_EMBED_SWIFT_STANDARD_LIBRARIES = YES;
				CODE_SIGN_STYLE = Automatic;
				INFOPLIST_FILE = LeanSampleUITests/Info.plist;
				LD_RUNPATH_SEARCH_PATHS = (
					"$(inherited)",
					"@executable_path/Frameworks",
					"@loader_path/Frameworks",
				);
				PRODUCT_BUNDLE_IDENTIFIER = PDD.LeanSampleUITests;
				PRODUCT_NAME = "$(TARGET_NAME)";
				SWIFT_VERSION = 5.0;
				TARGETED_DEVICE_FAMILY = "1,2";
				TEST_TARGET_NAME = LeanSample;
			};
			name = Debug;
		};
		CA4C8BBE26BBA1ED00FA8950 /* Release */ = {
			isa = XCBuildConfiguration;
			baseConfigurationReference = 6ACEDFCD686FA4DA8E0EE55E /* Pods-LeanSample-LeanSampleUITests.release.xcconfig */;
			buildSettings = {
				ALWAYS_EMBED_SWIFT_STANDARD_LIBRARIES = YES;
				CODE_SIGN_STYLE = Automatic;
				INFOPLIST_FILE = LeanSampleUITests/Info.plist;
				LD_RUNPATH_SEARCH_PATHS = (
					"$(inherited)",
					"@executable_path/Frameworks",
					"@loader_path/Frameworks",
				);
				PRODUCT_BUNDLE_IDENTIFIER = PDD.LeanSampleUITests;
				PRODUCT_NAME = "$(TARGET_NAME)";
				SWIFT_VERSION = 5.0;
				TARGETED_DEVICE_FAMILY = "1,2";
				TEST_TARGET_NAME = LeanSample;
			};
			name = Release;
		};
/* End XCBuildConfiguration section */

/* Begin XCConfigurationList section */
		CA4C8B8426BBA1E200FA8950 /* Build configuration list for PBXProject "LeanSample" */ = {
			isa = XCConfigurationList;
			buildConfigurations = (
				CA4C8BB426BBA1ED00FA8950 /* Debug */,
				CA4C8BB526BBA1ED00FA8950 /* Release */,
			);
			defaultConfigurationIsVisible = 0;
			defaultConfigurationName = Release;
		};
		CA4C8BB626BBA1ED00FA8950 /* Build configuration list for PBXNativeTarget "LeanSample" */ = {
			isa = XCConfigurationList;
			buildConfigurations = (
				CA4C8BB726BBA1ED00FA8950 /* Debug */,
				CA4C8BB826BBA1ED00FA8950 /* Release */,
			);
			defaultConfigurationIsVisible = 0;
			defaultConfigurationName = Release;
		};
		CA4C8BB926BBA1ED00FA8950 /* Build configuration list for PBXNativeTarget "LeanSampleTests" */ = {
			isa = XCConfigurationList;
			buildConfigurations = (
				CA4C8BBA26BBA1ED00FA8950 /* Debug */,
				CA4C8BBB26BBA1ED00FA8950 /* Release */,
			);
			defaultConfigurationIsVisible = 0;
			defaultConfigurationName = Release;
		};
		CA4C8BBC26BBA1ED00FA8950 /* Build configuration list for PBXNativeTarget "LeanSampleUITests" */ = {
			isa = XCConfigurationList;
			buildConfigurations = (
				CA4C8BBD26BBA1ED00FA8950 /* Debug */,
				CA4C8BBE26BBA1ED00FA8950 /* Release */,
			);
			defaultConfigurationIsVisible = 0;
			defaultConfigurationName = Release;
		};
/* End XCConfigurationList section */

/* Begin XCVersionGroup section */
		CA4C8B9526BBA1E300FA8950 /* LeanSample.xcdatamodeld */ = {
			isa = XCVersionGroup;
			children = (
				CA4C8B9626BBA1E300FA8950 /* LeanSample.xcdatamodel */,
			);
			currentVersion = CA4C8B9626BBA1E300FA8950 /* LeanSample.xcdatamodel */;
			path = LeanSample.xcdatamodeld;
			sourceTree = "<group>";
			versionGroupType = wrapper.xcdatamodel;
		};
/* End XCVersionGroup section */
	};
	rootObject = CA4C8B8126BBA1E200FA8950 /* Project object */;
}
